
Microsoft Visual Studio Solution File, Format Version 12.00
# Visual Studio Version 17
VisualStudioVersion = 17.5.33516.290
MinimumVisualStudioVersion = 10.0.40219.1
Project("{FAE04EC0-301F-11D3-BF4B-00C04F79EFBC}") = "cinema", "cinema\cinema.csproj", "{22E26A30-8DD7-401C-AF99-0E787FCE69E9}"
EndProject
Global
	GlobalSection(SolutionConfigurationPlatforms) = preSolution
		Debug|Any CPU = Debug|Any CPU
		Release|Any CPU = Release|Any CPU
	EndGlobalSection
	GlobalSection(ProjectConfigurationPlatforms) = postSolution
		{22E26A30-8DD7-401C-AF99-0E787FCE69E9}.Debug|Any CPU.ActiveCfg = Debug|Any CPU
		{22E26A30-8DD7-401C-AF99-0E787FCE69E9}.Debug|Any CPU.Build.0 = Debug|Any CPU
		{22E26A30-8DD7-401C-AF99-0E787FCE69E9}.Release|Any CPU.ActiveCfg = Release|Any CPU
		{22E26A30-8DD7-401C-AF99-0E787FCE69E9}.Release|Any CPU.Build.0 = Release|Any CPU
	EndGlobalSection
	GlobalSection(SolutionProperties) = preSolution
		HideSolutionNode = FALSE
	EndGlobalSection
	GlobalSection(ExtensibilityGlobals) = postSolution
		SolutionGuid = {2D69674A-6C40-4ABD-85A4-6E37CB5A71D1}
	EndGlobalSection
EndGlobal
